
Microsoft Visual Studio Solution File, Format Version 12.00
# Visual Studio Version 17
VisualStudioVersion = 17.7.34031.279
MinimumVisualStudioVersion = 10.0.40219.1
Project("{F184B08F-C81C-45F6-A57F-5ABD9991F28F}") = "CarRacingGame", "CarRacingGame\CarRacingGame.vbproj", "{574FAB7D-0893-48E2-9019-35EE889D0760}"
EndProject
Global
	GlobalSection(SolutionConfigurationPlatforms) = preSolution
		Debug|Any CPU = Debug|Any CPU
		Release|Any CPU = Release|Any CPU
	EndGlobalSection
	GlobalSection(ProjectConfigurationPlatforms) = postSolution
		{574FAB7D-0893-48E2-9019-35EE889D0760}.Debug|Any CPU.ActiveCfg = Debug|Any CPU
		{574FAB7D-0893-48E2-9019-35EE889D0760}.Debug|Any CPU.Build.0 = Debug|Any CPU
		{574FAB7D-0893-48E2-9019-35EE889D0760}.Release|Any CPU.ActiveCfg = Release|Any CPU
		{574FAB7D-0893-48E2-9019-35EE889D0760}.Release|Any CPU.Build.0 = Release|Any CPU
	EndGlobalSection
	GlobalSection(SolutionProperties) = preSolution
		HideSolutionNode = FALSE
	EndGlobalSection
	GlobalSection(ExtensibilityGlobals) = postSolution
		SolutionGuid = {783F8531-ACF4-4FBD-8733-3BDA826D63FD}
	EndGlobalSection
EndGlobal
